{
  "version": 4,
  "terraform_version": "1.5.7",
  "serial": 1,
  "lineage": "828a51c3-4942-dfb9-5eb3-f8cb84ba22b9",
  "outputs": {},
  "resources": [
    {
      "mode": "managed",
      "type": "local_file",
      "name": "sample_text_file",
      "provider": "provider[\"registry.terraform.io/hashicorp/local\"]",
      "instances": [
        {
          "schema_version": 0,
          "attributes": {
            "content": "This is sample text file created by terraform",
            "content_base64": null,
            "content_base64sha256": "cwMX7awgKDGq6v5eBSy75Dm+8z37yjIPq/0yz9nuiZ8=",
            "content_base64sha512": "Tqfzlc3TKk2UvqoyqqT6B35NWI0V+9CBmG/OQmnPBuoVfg2ysW2TfxeQMCvBfJe8WK61KP327FPIOBEYl1oQ2Q==",
            "content_md5": "71e98f02993e652a1f3022b6a2b7d2a1",
            "content_sha1": "19f9754c556b6825ed1b1772034d8593f88c9336",
            "content_sha256": "730317edac202831aaeafe5e052cbbe439bef33dfbca320fabfd32cfd9ee899f",
            "content_sha512": "4ea7f395cdd32a4d94beaa32aaa4fa077e4d588d15fbd081986fce4269cf06ea157e0db2b16d937f1790302bc17c97bc58aeb528fdf6ec53c8381118975a10d9",
            "directory_permission": "0777",
            "file_permission": "0777",
            "filename": "/home/ubuntu/terraform-practice/demo.txt",
            "id": "19f9754c556b6825ed1b1772034d8593f88c9336",
            "sensitive_content": null,
            "source": null
          },
          "sensitive_attributes": []
        }
      ]
    }
  ],
  "check_results": null
}
